
Microsoft Visual Studio Solution File, Format Version 12.00
# Visual Studio 15
VisualStudioVersion = 15.0.28307.1525
MinimumVisualStudioVersion = 10.0.40219.1
Project("{9A19103F-16F7-4668-BE54-9A1E7A4F7556}") = "DBWireup", "DBWireup\DBWireup.csproj", "{C0CF9BAA-BC09-47BB-9C99-3D86A54A23DE}"
EndProject
Project("{2150E333-8FDC-42A3-9474-1A3956D46DE8}") = "Schema", "Schema", "{6AFB58F2-CC86-47D1-A447-4B596F217686}"
	ProjectSection(SolutionItems) = preProject
		Schema\TEMPLATE.config.xml = Schema\TEMPLATE.config.xml
		Schema\TEMPLATE.xml = Schema\TEMPLATE.xml
	EndProjectSection
EndProject
Project("{9A19103F-16F7-4668-BE54-9A1E7A4F7556}") = "WebSetup", "WebSetup\WebSetup.csproj", "{0A51687A-7E45-499A-AA03-C1EA5912C619}"
EndProject
Project("{9A19103F-16F7-4668-BE54-9A1E7A4F7556}") = "SetupCommon", "SetupCommon\SetupCommon.csproj", "{66093570-60AB-42D8-86CF-BBA0C9201D1A}"
EndProject
Project("{9A19103F-16F7-4668-BE54-9A1E7A4F7556}") = "DatabaseDeployer", "DatabaseDeployer\DatabaseDeployer.csproj", "{94705CF9-B3B8-43BC-AB92-E59CF59052D4}"
EndProject
Project("{FAE04EC0-301F-11D3-BF4B-00C04F79EFBC}") = "SchemaConverter", "SchemaConverter\SchemaConverter.csproj", "{AF3C74E6-1809-4FC2-AB9C-22748159342A}"
EndProject
Global
	GlobalSection(SolutionConfigurationPlatforms) = preSolution
		Debug|Any CPU = Debug|Any CPU
		Debug|x64 = Debug|x64
		Debug|x86 = Debug|x86
		Release|Any CPU = Release|Any CPU
		Release|x64 = Release|x64
		Release|x86 = Release|x86
	EndGlobalSection
	GlobalSection(ProjectConfigurationPlatforms) = postSolution
		{C0CF9BAA-BC09-47BB-9C99-3D86A54A23DE}.Debug|Any CPU.ActiveCfg = Debug|Any CPU
		{C0CF9BAA-BC09-47BB-9C99-3D86A54A23DE}.Debug|Any CPU.Build.0 = Debug|Any CPU
		{C0CF9BAA-BC09-47BB-9C99-3D86A54A23DE}.Debug|x64.ActiveCfg = Debug|Any CPU
		{C0CF9BAA-BC09-47BB-9C99-3D86A54A23DE}.Debug|x64.Build.0 = Debug|Any CPU
		{C0CF9BAA-BC09-47BB-9C99-3D86A54A23DE}.Debug|x86.ActiveCfg = Debug|Any CPU
		{C0CF9BAA-BC09-47BB-9C99-3D86A54A23DE}.Debug|x86.Build.0 = Debug|Any CPU
		{C0CF9BAA-BC09-47BB-9C99-3D86A54A23DE}.Release|Any CPU.ActiveCfg = Release|Any CPU
		{C0CF9BAA-BC09-47BB-9C99-3D86A54A23DE}.Release|Any CPU.Build.0 = Release|Any CPU
		{C0CF9BAA-BC09-47BB-9C99-3D86A54A23DE}.Release|x64.ActiveCfg = Release|Any CPU
		{C0CF9BAA-BC09-47BB-9C99-3D86A54A23DE}.Release|x64.Build.0 = Release|Any CPU
		{C0CF9BAA-BC09-47BB-9C99-3D86A54A23DE}.Release|x86.ActiveCfg = Release|Any CPU
		{C0CF9BAA-BC09-47BB-9C99-3D86A54A23DE}.Release|x86.Build.0 = Release|Any CPU
		{0A51687A-7E45-499A-AA03-C1EA5912C619}.Debug|Any CPU.ActiveCfg = Debug|Any CPU
		{0A51687A-7E45-499A-AA03-C1EA5912C619}.Debug|Any CPU.Build.0 = Debug|Any CPU
		{0A51687A-7E45-499A-AA03-C1EA5912C619}.Debug|x64.ActiveCfg = Debug|Any CPU
		{0A51687A-7E45-499A-AA03-C1EA5912C619}.Debug|x64.Build.0 = Debug|Any CPU
		{0A51687A-7E45-499A-AA03-C1EA5912C619}.Debug|x86.ActiveCfg = Debug|Any CPU
		{0A51687A-7E45-499A-AA03-C1EA5912C619}.Debug|x86.Build.0 = Debug|Any CPU
		{0A51687A-7E45-499A-AA03-C1EA5912C619}.Release|Any CPU.ActiveCfg = Release|Any CPU
		{0A51687A-7E45-499A-AA03-C1EA5912C619}.Release|Any CPU.Build.0 = Release|Any CPU
		{0A51687A-7E45-499A-AA03-C1EA5912C619}.Release|x64.ActiveCfg = Release|Any CPU
		{0A51687A-7E45-499A-AA03-C1EA5912C619}.Release|x64.Build.0 = Release|Any CPU
		{0A51687A-7E45-499A-AA03-C1EA5912C619}.Release|x86.ActiveCfg = Release|Any CPU
		{0A51687A-7E45-499A-AA03-C1EA5912C619}.Release|x86.Build.0 = Release|Any CPU
		{66093570-60AB-42D8-86CF-BBA0C9201D1A}.Debug|Any CPU.ActiveCfg = Debug|Any CPU
		{66093570-60AB-42D8-86CF-BBA0C9201D1A}.Debug|Any CPU.Build.0 = Debug|Any CPU
		{66093570-60AB-42D8-86CF-BBA0C9201D1A}.Debug|x64.ActiveCfg = Debug|Any CPU
		{66093570-60AB-42D8-86CF-BBA0C9201D1A}.Debug|x64.Build.0 = Debug|Any CPU
		{66093570-60AB-42D8-86CF-BBA0C9201D1A}.Debug|x86.ActiveCfg = Debug|Any CPU
		{66093570-60AB-42D8-86CF-BBA0C9201D1A}.Debug|x86.Build.0 = Debug|Any CPU
		{66093570-60AB-42D8-86CF-BBA0C9201D1A}.Release|Any CPU.ActiveCfg = Release|Any CPU
		{66093570-60AB-42D8-86CF-BBA0C9201D1A}.Release|Any CPU.Build.0 = Release|Any CPU
		{66093570-60AB-42D8-86CF-BBA0C9201D1A}.Release|x64.ActiveCfg = Release|Any CPU
		{66093570-60AB-42D8-86CF-BBA0C9201D1A}.Release|x64.Build.0 = Release|Any CPU
		{66093570-60AB-42D8-86CF-BBA0C9201D1A}.Release|x86.ActiveCfg = Release|Any CPU
		{66093570-60AB-42D8-86CF-BBA0C9201D1A}.Release|x86.Build.0 = Release|Any CPU
		{94705CF9-B3B8-43BC-AB92-E59CF59052D4}.Debug|Any CPU.ActiveCfg = Debug|Any CPU
		{94705CF9-B3B8-43BC-AB92-E59CF59052D4}.Debug|Any CPU.Build.0 = Debug|Any CPU
		{94705CF9-B3B8-43BC-AB92-E59CF59052D4}.Debug|x64.ActiveCfg = Debug|Any CPU
		{94705CF9-B3B8-43BC-AB92-E59CF59052D4}.Debug|x64.Build.0 = Debug|Any CPU
		{94705CF9-B3B8-43BC-AB92-E59CF59052D4}.Debug|x86.ActiveCfg = Debug|Any CPU
		{94705CF9-B3B8-43BC-AB92-E59CF59052D4}.Debug|x86.Build.0 = Debug|Any CPU
		{94705CF9-B3B8-43BC-AB92-E59CF59052D4}.Release|Any CPU.ActiveCfg = Release|Any CPU
		{94705CF9-B3B8-43BC-AB92-E59CF59052D4}.Release|Any CPU.Build.0 = Release|Any CPU
		{94705CF9-B3B8-43BC-AB92-E59CF59052D4}.Release|x64.ActiveCfg = Release|Any CPU
		{94705CF9-B3B8-43BC-AB92-E59CF59052D4}.Release|x64.Build.0 = Release|Any CPU
		{94705CF9-B3B8-43BC-AB92-E59CF59052D4}.Release|x86.ActiveCfg = Release|Any CPU
		{94705CF9-B3B8-43BC-AB92-E59CF59052D4}.Release|x86.Build.0 = Release|Any CPU
		{AF3C74E6-1809-4FC2-AB9C-22748159342A}.Debug|Any CPU.ActiveCfg = Debug|Any CPU
		{AF3C74E6-1809-4FC2-AB9C-22748159342A}.Debug|Any CPU.Build.0 = Debug|Any CPU
		{AF3C74E6-1809-4FC2-AB9C-22748159342A}.Debug|x64.ActiveCfg = Debug|Any CPU
		{AF3C74E6-1809-4FC2-AB9C-22748159342A}.Debug|x64.Build.0 = Debug|Any CPU
		{AF3C74E6-1809-4FC2-AB9C-22748159342A}.Debug|x86.ActiveCfg = Debug|Any CPU
		{AF3C74E6-1809-4FC2-AB9C-22748159342A}.Debug|x86.Build.0 = Debug|Any CPU
		{AF3C74E6-1809-4FC2-AB9C-22748159342A}.Release|Any CPU.ActiveCfg = Release|Any CPU
		{AF3C74E6-1809-4FC2-AB9C-22748159342A}.Release|Any CPU.Build.0 = Release|Any CPU
		{AF3C74E6-1809-4FC2-AB9C-22748159342A}.Release|x64.ActiveCfg = Release|Any CPU
		{AF3C74E6-1809-4FC2-AB9C-22748159342A}.Release|x64.Build.0 = Release|Any CPU
		{AF3C74E6-1809-4FC2-AB9C-22748159342A}.Release|x86.ActiveCfg = Release|Any CPU
		{AF3C74E6-1809-4FC2-AB9C-22748159342A}.Release|x86.Build.0 = Release|Any CPU
	EndGlobalSection
	GlobalSection(SolutionProperties) = preSolution
		HideSolutionNode = FALSE
	EndGlobalSection
	GlobalSection(ExtensibilityGlobals) = postSolution
		SolutionGuid = {9743F58F-4DB1-416D-BAB8-0094BEAD4F7E}
	EndGlobalSection
EndGlobal
